{
  "nodes": {
    "agenix": {
      "inputs": {
        "flake-utils": "flake-utils",
        "nixpkgs": [
          "nixpkgs"
        ]
      },
      "locked": {
        "lastModified": 1609364598,
        "narHash": "sha256-dKFCWfUKXRP1z0k/bRMoDOuT0iKM5/starxgG0jn7Ek=",
        "owner": "ryantm",
        "repo": "agenix",
        "rev": "37b1d2aa3f2afd196350e43b5e90e8bfd8718d90",
        "type": "github"
      },
      "original": {
        "owner": "ryantm",
        "repo": "agenix",
        "type": "github"
      }
    },
    "comma": {
      "flake": false,
      "locked": {
        "lastModified": 1588170489,
        "narHash": "sha256-IT7zlcM1Oh4sWeCJ1m4NkteuajPxTnNo1tbitG0eqlg=",
        "owner": "Shopify",
        "repo": "comma",
        "rev": "4a62ec17e20ce0e738a8e5126b4298a73903b468",
        "type": "github"
      },
      "original": {
        "owner": "Shopify",
        "repo": "comma",
        "type": "github"
      }
    },
    "emacs-overlay": {
      "locked": {
        "lastModified": 1612528006,
        "narHash": "sha256-8uHyCWTrrQqkz1OImYtVXeyxqu7lw0o0Dzho8uu4w5I=",
        "owner": "nix-community",
        "repo": "emacs-overlay",
        "rev": "8c9429727086d96b8728f7251322768095dbf564",
        "type": "github"
      },
      "original": {
        "owner": "nix-community",
        "repo": "emacs-overlay",
        "type": "github"
      }
    },
    "flake-utils": {
      "locked": {
        "lastModified": 1600209923,
        "narHash": "sha256-zoOWauTliFEjI++esk6Jzk7QO5EKpddWXQm9yQK24iM=",
        "owner": "numtide",
        "repo": "flake-utils",
        "rev": "3cd06d3c1df6879c9e41cb2c33113df10566c760",
        "type": "github"
      },
      "original": {
        "owner": "numtide",
        "repo": "flake-utils",
        "type": "github"
      }
    },
    "home-manager": {
      "inputs": {
        "nixpkgs": [
          "nixpkgs"
        ]
      },
      "locked": {
        "lastModified": 1612478557,
        "narHash": "sha256-NJ9udcs0mrHXHAEkkUaKs/ofGQkYADGPR6G8muyIigw=",
        "owner": "rycee",
        "repo": "home-manager",
        "rev": "63d5d28db6068e58c24afa4089f13941500d5fe8",
        "type": "github"
      },
      "original": {
        "owner": "rycee",
        "ref": "master",
        "repo": "home-manager",
        "type": "github"
      }
    },
    "nixos-hardware": {
      "locked": {
        "lastModified": 1612300919,
        "narHash": "sha256-+R4qzU4y/pK7LAg+MSd6JxHxbEqCXOuk8Y3xhOWWmmE=",
        "owner": "nixos",
        "repo": "nixos-hardware",
        "rev": "d6a123118152f766cb87983ed60b9a0094fa4306",
        "type": "github"
      },
      "original": {
        "owner": "nixos",
        "repo": "nixos-hardware",
        "type": "github"
      }
    },
    "nixpkgs": {
      "locked": {
        "lastModified": 1612526262,
        "narHash": "sha256-oRQiJy0HgfMW84ycF+JuqJdEFfpF/9c26KOIwyWkmHI=",
        "owner": "NixOS",
        "repo": "nixpkgs",
        "rev": "9e1c01f5002225133ea164c0edbae2ed42d8c107",
        "type": "github"
      },
      "original": {
        "id": "nixpkgs",
        "ref": "master",
        "type": "indirect"
      }
    },
    "nixpkgs-locked": {
      "locked": {
        "lastModified": 1612526262,
        "narHash": "sha256-oRQiJy0HgfMW84ycF+JuqJdEFfpF/9c26KOIwyWkmHI=",
        "owner": "NixOS",
        "repo": "nixpkgs",
        "rev": "9e1c01f5002225133ea164c0edbae2ed42d8c107",
        "type": "github"
      },
      "original": {
        "id": "nixpkgs",
        "ref": "master",
        "type": "indirect"
      }
    },
    "nixpkgs-unstable": {
      "locked": {
        "lastModified": 1612526262,
        "narHash": "sha256-oRQiJy0HgfMW84ycF+JuqJdEFfpF/9c26KOIwyWkmHI=",
        "owner": "NixOS",
        "repo": "nixpkgs",
        "rev": "9e1c01f5002225133ea164c0edbae2ed42d8c107",
        "type": "github"
      },
      "original": {
        "id": "nixpkgs",
        "ref": "master",
        "type": "indirect"
      }
    },
    "root": {
      "inputs": {
        "agenix": "agenix",
        "comma": "comma",
        "emacs-overlay": "emacs-overlay",
        "home-manager": "home-manager",
        "nixos-hardware": "nixos-hardware",
        "nixpkgs": "nixpkgs",
        "nixpkgs-locked": "nixpkgs-locked",
        "nixpkgs-unstable": "nixpkgs-unstable"
      }
    }
  },
  "root": "root",
  "version": 7
}
