{
  "nodes": {
    "comma": {
      "flake": false,
      "locked": {
        "lastModified": 1588170489,
        "narHash": "sha256-IT7zlcM1Oh4sWeCJ1m4NkteuajPxTnNo1tbitG0eqlg=",
        "owner": "Shopify",
        "repo": "comma",
        "rev": "4a62ec17e20ce0e738a8e5126b4298a73903b468",
        "type": "github"
      },
      "original": {
        "owner": "Shopify",
        "repo": "comma",
        "type": "github"
      }
    },
    "emacs-overlay": {
      "locked": {
        "lastModified": 1610036770,
        "narHash": "sha256-uZ/aT7w/o1B+5X+9ylGohj+STKTF8BXndNVhtFAwrgQ=",
        "owner": "nix-community",
        "repo": "emacs-overlay",
        "rev": "493c870ffafe7bec37d5233079d4d380ac1837d4",
        "type": "github"
      },
      "original": {
        "owner": "nix-community",
        "repo": "emacs-overlay",
        "type": "github"
      }
    },
    "home-manager": {
      "inputs": {
        "nixpkgs": [
          "nixpkgs"
        ]
      },
      "locked": {
        "lastModified": 1609902996,
        "narHash": "sha256-5Zw/SMVMa1krZeD5CWczKpBF1C8X4/qCFR4qexMUjQQ=",
        "owner": "rycee",
        "repo": "home-manager",
        "rev": "a361541c10ec0b167488192631cb86ca07a145d2",
        "type": "github"
      },
      "original": {
        "owner": "rycee",
        "ref": "master",
        "repo": "home-manager",
        "type": "github"
      }
    },
    "nixos-hardware": {
      "locked": {
        "lastModified": 1609915993,
        "narHash": "sha256-lQYxrkVy7I5YZN+Ojv3hrdQFohRpLWa8XR6gr0r8HsY=",
        "owner": "nixos",
        "repo": "nixos-hardware",
        "rev": "fb1682bab43b9dd8daf43ae28f09e44541ce33a2",
        "type": "github"
      },
      "original": {
        "owner": "nixos",
        "repo": "nixos-hardware",
        "type": "github"
      }
    },
    "nixpkgs": {
      "locked": {
        "lastModified": 1610036743,
        "narHash": "sha256-5Db0KgCr4yEVtvV1XycueqseRfIJdx5JCGUSltybOjU=",
        "owner": "NixOS",
        "repo": "nixpkgs",
        "rev": "cc8db6e19b876e0ee484d8e186fc689ce1e18f6b",
        "type": "github"
      },
      "original": {
        "id": "nixpkgs",
        "ref": "master",
        "type": "indirect"
      }
    },
    "nixpkgs-unstable": {
      "locked": {
        "lastModified": 1610036743,
        "narHash": "sha256-5Db0KgCr4yEVtvV1XycueqseRfIJdx5JCGUSltybOjU=",
        "owner": "NixOS",
        "repo": "nixpkgs",
        "rev": "cc8db6e19b876e0ee484d8e186fc689ce1e18f6b",
        "type": "github"
      },
      "original": {
        "id": "nixpkgs",
        "ref": "master",
        "type": "indirect"
      }
    },
    "root": {
      "inputs": {
        "comma": "comma",
        "emacs-overlay": "emacs-overlay",
        "home-manager": "home-manager",
        "nixos-hardware": "nixos-hardware",
        "nixpkgs": "nixpkgs",
        "nixpkgs-unstable": "nixpkgs-unstable"
      }
    }
  },
  "root": "root",
  "version": 7
}
